
Microsoft Visual Studio Solution File, Format Version 12.00
# Visual Studio 15
VisualStudioVersion = 15.0.26124.0
MinimumVisualStudioVersion = 15.0.26124.0
Project("{FAE04EC0-301F-11D3-BF4B-00C04F79EFBC}") = "Experiments.Entity", "Experiments.Entity\Experiments.Entity.csproj", "{ED915A00-566D-49C6-966C-A1554ED9494D}"
EndProject
Project("{FAE04EC0-301F-11D3-BF4B-00C04F79EFBC}") = "Experiments.HotAggregates", "Experiments.HotAggregates\Experiments.HotAggregates.csproj", "{BB5E5A49-60C7-4362-B543-DCFC20BBE94B}"
EndProject
Project("{FAE04EC0-301F-11D3-BF4B-00C04F79EFBC}") = "Experiments.NoBaseAggregate", "Experiments.NoBaseAggregate\Experiments.NoBaseAggregate.csproj", "{7BE2C771-6EE5-43A2-9B78-C7087C543555}"
EndProject
Project("{FAE04EC0-301F-11D3-BF4B-00C04F79EFBC}") = "Experiments.ExternalAggregateState", "Experiments.ExternalAggregateState\Experiments.ExternalAggregateState.csproj", "{D5F2E941-5996-4918-B5A0-B7CF6CFB2CB7}"
EndProject
Project("{FAE04EC0-301F-11D3-BF4B-00C04F79EFBC}") = "Experiments.Functional", "Experiments.Functional\Experiments.Functional.csproj", "{4199057E-F999-43D7-ABA9-35C3C637EF52}"
EndProject
Global
	GlobalSection(SolutionConfigurationPlatforms) = preSolution
		Debug|Any CPU = Debug|Any CPU
		Debug|x64 = Debug|x64
		Debug|x86 = Debug|x86
		Release|Any CPU = Release|Any CPU
		Release|x64 = Release|x64
		Release|x86 = Release|x86
	EndGlobalSection
	GlobalSection(SolutionProperties) = preSolution
		HideSolutionNode = FALSE
	EndGlobalSection
	GlobalSection(ProjectConfigurationPlatforms) = postSolution
		{ED915A00-566D-49C6-966C-A1554ED9494D}.Debug|Any CPU.ActiveCfg = Debug|Any CPU
		{ED915A00-566D-49C6-966C-A1554ED9494D}.Debug|Any CPU.Build.0 = Debug|Any CPU
		{ED915A00-566D-49C6-966C-A1554ED9494D}.Debug|x64.ActiveCfg = Debug|x64
		{ED915A00-566D-49C6-966C-A1554ED9494D}.Debug|x64.Build.0 = Debug|x64
		{ED915A00-566D-49C6-966C-A1554ED9494D}.Debug|x86.ActiveCfg = Debug|x86
		{ED915A00-566D-49C6-966C-A1554ED9494D}.Debug|x86.Build.0 = Debug|x86
		{ED915A00-566D-49C6-966C-A1554ED9494D}.Release|Any CPU.ActiveCfg = Release|Any CPU
		{ED915A00-566D-49C6-966C-A1554ED9494D}.Release|Any CPU.Build.0 = Release|Any CPU
		{ED915A00-566D-49C6-966C-A1554ED9494D}.Release|x64.ActiveCfg = Release|x64
		{ED915A00-566D-49C6-966C-A1554ED9494D}.Release|x64.Build.0 = Release|x64
		{ED915A00-566D-49C6-966C-A1554ED9494D}.Release|x86.ActiveCfg = Release|x86
		{ED915A00-566D-49C6-966C-A1554ED9494D}.Release|x86.Build.0 = Release|x86
		{BB5E5A49-60C7-4362-B543-DCFC20BBE94B}.Debug|Any CPU.ActiveCfg = Debug|Any CPU
		{BB5E5A49-60C7-4362-B543-DCFC20BBE94B}.Debug|Any CPU.Build.0 = Debug|Any CPU
		{BB5E5A49-60C7-4362-B543-DCFC20BBE94B}.Debug|x64.ActiveCfg = Debug|x64
		{BB5E5A49-60C7-4362-B543-DCFC20BBE94B}.Debug|x64.Build.0 = Debug|x64
		{BB5E5A49-60C7-4362-B543-DCFC20BBE94B}.Debug|x86.ActiveCfg = Debug|x86
		{BB5E5A49-60C7-4362-B543-DCFC20BBE94B}.Debug|x86.Build.0 = Debug|x86
		{BB5E5A49-60C7-4362-B543-DCFC20BBE94B}.Release|Any CPU.ActiveCfg = Release|Any CPU
		{BB5E5A49-60C7-4362-B543-DCFC20BBE94B}.Release|Any CPU.Build.0 = Release|Any CPU
		{BB5E5A49-60C7-4362-B543-DCFC20BBE94B}.Release|x64.ActiveCfg = Release|x64
		{BB5E5A49-60C7-4362-B543-DCFC20BBE94B}.Release|x64.Build.0 = Release|x64
		{BB5E5A49-60C7-4362-B543-DCFC20BBE94B}.Release|x86.ActiveCfg = Release|x86
		{BB5E5A49-60C7-4362-B543-DCFC20BBE94B}.Release|x86.Build.0 = Release|x86
		{7BE2C771-6EE5-43A2-9B78-C7087C543555}.Debug|Any CPU.ActiveCfg = Debug|Any CPU
		{7BE2C771-6EE5-43A2-9B78-C7087C543555}.Debug|Any CPU.Build.0 = Debug|Any CPU
		{7BE2C771-6EE5-43A2-9B78-C7087C543555}.Debug|x64.ActiveCfg = Debug|x64
		{7BE2C771-6EE5-43A2-9B78-C7087C543555}.Debug|x64.Build.0 = Debug|x64
		{7BE2C771-6EE5-43A2-9B78-C7087C543555}.Debug|x86.ActiveCfg = Debug|x86
		{7BE2C771-6EE5-43A2-9B78-C7087C543555}.Debug|x86.Build.0 = Debug|x86
		{7BE2C771-6EE5-43A2-9B78-C7087C543555}.Release|Any CPU.ActiveCfg = Release|Any CPU
		{7BE2C771-6EE5-43A2-9B78-C7087C543555}.Release|Any CPU.Build.0 = Release|Any CPU
		{7BE2C771-6EE5-43A2-9B78-C7087C543555}.Release|x64.ActiveCfg = Release|x64
		{7BE2C771-6EE5-43A2-9B78-C7087C543555}.Release|x64.Build.0 = Release|x64
		{7BE2C771-6EE5-43A2-9B78-C7087C543555}.Release|x86.ActiveCfg = Release|x86
		{7BE2C771-6EE5-43A2-9B78-C7087C543555}.Release|x86.Build.0 = Release|x86
		{D5F2E941-5996-4918-B5A0-B7CF6CFB2CB7}.Debug|Any CPU.ActiveCfg = Debug|Any CPU
		{D5F2E941-5996-4918-B5A0-B7CF6CFB2CB7}.Debug|Any CPU.Build.0 = Debug|Any CPU
		{D5F2E941-5996-4918-B5A0-B7CF6CFB2CB7}.Debug|x64.ActiveCfg = Debug|Any CPU
		{D5F2E941-5996-4918-B5A0-B7CF6CFB2CB7}.Debug|x64.Build.0 = Debug|Any CPU
		{D5F2E941-5996-4918-B5A0-B7CF6CFB2CB7}.Debug|x86.ActiveCfg = Debug|Any CPU
		{D5F2E941-5996-4918-B5A0-B7CF6CFB2CB7}.Debug|x86.Build.0 = Debug|Any CPU
		{D5F2E941-5996-4918-B5A0-B7CF6CFB2CB7}.Release|Any CPU.ActiveCfg = Release|Any CPU
		{D5F2E941-5996-4918-B5A0-B7CF6CFB2CB7}.Release|Any CPU.Build.0 = Release|Any CPU
		{D5F2E941-5996-4918-B5A0-B7CF6CFB2CB7}.Release|x64.ActiveCfg = Release|Any CPU
		{D5F2E941-5996-4918-B5A0-B7CF6CFB2CB7}.Release|x64.Build.0 = Release|Any CPU
		{D5F2E941-5996-4918-B5A0-B7CF6CFB2CB7}.Release|x86.ActiveCfg = Release|Any CPU
		{D5F2E941-5996-4918-B5A0-B7CF6CFB2CB7}.Release|x86.Build.0 = Release|Any CPU
		{4199057E-F999-43D7-ABA9-35C3C637EF52}.Debug|Any CPU.ActiveCfg = Debug|Any CPU
		{4199057E-F999-43D7-ABA9-35C3C637EF52}.Debug|Any CPU.Build.0 = Debug|Any CPU
		{4199057E-F999-43D7-ABA9-35C3C637EF52}.Debug|x64.ActiveCfg = Debug|Any CPU
		{4199057E-F999-43D7-ABA9-35C3C637EF52}.Debug|x64.Build.0 = Debug|Any CPU
		{4199057E-F999-43D7-ABA9-35C3C637EF52}.Debug|x86.ActiveCfg = Debug|Any CPU
		{4199057E-F999-43D7-ABA9-35C3C637EF52}.Debug|x86.Build.0 = Debug|Any CPU
		{4199057E-F999-43D7-ABA9-35C3C637EF52}.Release|Any CPU.ActiveCfg = Release|Any CPU
		{4199057E-F999-43D7-ABA9-35C3C637EF52}.Release|Any CPU.Build.0 = Release|Any CPU
		{4199057E-F999-43D7-ABA9-35C3C637EF52}.Release|x64.ActiveCfg = Release|Any CPU
		{4199057E-F999-43D7-ABA9-35C3C637EF52}.Release|x64.Build.0 = Release|Any CPU
		{4199057E-F999-43D7-ABA9-35C3C637EF52}.Release|x86.ActiveCfg = Release|Any CPU
		{4199057E-F999-43D7-ABA9-35C3C637EF52}.Release|x86.Build.0 = Release|Any CPU
	EndGlobalSection
EndGlobal
